// !$*UTF8*$!
{
	archiveVersion = 1;
	classes = {
	};
	objectVersion = 50;
	objects = {

/* Begin PBXBuildFile section */
		AF3056FA26A9E90F00830EEB /* GameManager.swift in Sources */ = {isa = PBXBuildFile; fileRef = AF3056F926A9E90F00830EEB /* GameManager.swift */; };
		AF3056FC26A9F19E00830EEB /* ThreeChoicesViewController.swift in Sources */ = {isa = PBXBuildFile; fileRef = AF3056FB26A9F19E00830EEB /* ThreeChoicesViewController.swift */; };
		AF3056FE26AA1D5D00830EEB /* Enums.swift in Sources */ = {isa = PBXBuildFile; fileRef = AF3056FD26AA1D5D00830EEB /* Enums.swift */; };
		AF32104E26A8C8310092F903 /* AppDelegate.swift in Sources */ = {isa = PBXBuildFile; fileRef = AF32104D26A8C8310092F903 /* AppDelegate.swift */; };
		AF32105226A8C8310092F903 /* Actions.sks in Resources */ = {isa = PBXBuildFile; fileRef = AF32105126A8C8310092F903 /* Actions.sks */; };
		AF32105626A8C8310092F903 /* GameViewController.swift in Sources */ = {isa = PBXBuildFile; fileRef = AF32105526A8C8310092F903 /* GameViewController.swift */; };
		AF32105926A8C8310092F903 /* Main.storyboard in Resources */ = {isa = PBXBuildFile; fileRef = AF32105726A8C8310092F903 /* Main.storyboard */; };
		AF32105B26A8C8320092F903 /* Assets.xcassets in Resources */ = {isa = PBXBuildFile; fileRef = AF32105A26A8C8320092F903 /* Assets.xcassets */; };
		AF9CD04F26ACD11000C3911F /* Extensions.swift in Sources */ = {isa = PBXBuildFile; fileRef = AF9CD04E26ACD11000C3911F /* Extensions.swift */; };
		AFA0DD9926AB2C6A00618724 /* Decision.swift in Sources */ = {isa = PBXBuildFile; fileRef = AFA0DD9826AB2C6A00618724 /* Decision.swift */; };
		AFA0DD9B26AB460D00618724 /* TwoChoicesViewController.swift in Sources */ = {isa = PBXBuildFile; fileRef = AFA0DD9A26AB460D00618724 /* TwoChoicesViewController.swift */; };
/* End PBXBuildFile section */

/* Begin PBXFileReference section */
		AF3056F926A9E90F00830EEB /* GameManager.swift */ = {isa = PBXFileReference; lastKnownFileType = sourcecode.swift; path = GameManager.swift; sourceTree = "<group>"; };
		AF3056FB26A9F19E00830EEB /* ThreeChoicesViewController.swift */ = {isa = PBXFileReference; lastKnownFileType = sourcecode.swift; path = ThreeChoicesViewController.swift; sourceTree = "<group>"; };
		AF3056FD26AA1D5D00830EEB /* Enums.swift */ = {isa = PBXFileReference; lastKnownFileType = sourcecode.swift; path = Enums.swift; sourceTree = "<group>"; };
		AF32104A26A8C8310092F903 /* EscolhaDoFuturo.app */ = {isa = PBXFileReference; explicitFileType = wrapper.application; includeInIndex = 0; path = EscolhaDoFuturo.app; sourceTree = BUILT_PRODUCTS_DIR; };
		AF32104D26A8C8310092F903 /* AppDelegate.swift */ = {isa = PBXFileReference; lastKnownFileType = sourcecode.swift; path = AppDelegate.swift; sourceTree = "<group>"; };
		AF32105126A8C8310092F903 /* Actions.sks */ = {isa = PBXFileReference; lastKnownFileType = file.sks; path = Actions.sks; sourceTree = "<group>"; };
		AF32105526A8C8310092F903 /* GameViewController.swift */ = {isa = PBXFileReference; lastKnownFileType = sourcecode.swift; path = GameViewController.swift; sourceTree = "<group>"; };
		AF32105826A8C8310092F903 /* Base */ = {isa = PBXFileReference; lastKnownFileType = file.storyboard; name = Base; path = Base.lproj/Main.storyboard; sourceTree = "<group>"; };
		AF32105A26A8C8320092F903 /* Assets.xcassets */ = {isa = PBXFileReference; lastKnownFileType = folder.assetcatalog; path = Assets.xcassets; sourceTree = "<group>"; };
		AF32105C26A8C8320092F903 /* Info.plist */ = {isa = PBXFileReference; lastKnownFileType = text.plist.xml; path = Info.plist; sourceTree = "<group>"; };
		AF9CD04E26ACD11000C3911F /* Extensions.swift */ = {isa = PBXFileReference; lastKnownFileType = sourcecode.swift; path = Extensions.swift; sourceTree = "<group>"; };
		AFA0DD9826AB2C6A00618724 /* Decision.swift */ = {isa = PBXFileReference; lastKnownFileType = sourcecode.swift; path = Decision.swift; sourceTree = "<group>"; };
		AFA0DD9A26AB460D00618724 /* TwoChoicesViewController.swift */ = {isa = PBXFileReference; lastKnownFileType = sourcecode.swift; path = TwoChoicesViewController.swift; sourceTree = "<group>"; };
/* End PBXFileReference section */

/* Begin PBXFrameworksBuildPhase section */
		AF32104726A8C8310092F903 /* Frameworks */ = {
			isa = PBXFrameworksBuildPhase;
			buildActionMask = 2147483647;
			files = (
			);
			runOnlyForDeploymentPostprocessing = 0;
		};
/* End PBXFrameworksBuildPhase section */

/* Begin PBXGroup section */
		AF32104126A8C8310092F903 = {
			isa = PBXGroup;
			children = (
				AF32104C26A8C8310092F903 /* EscolhaDoFuturo */,
				AF32104B26A8C8310092F903 /* Products */,
			);
			sourceTree = "<group>";
		};
		AF32104B26A8C8310092F903 /* Products */ = {
			isa = PBXGroup;
			children = (
				AF32104A26A8C8310092F903 /* EscolhaDoFuturo.app */,
			);
			name = Products;
			sourceTree = "<group>";
		};
		AF32104C26A8C8310092F903 /* EscolhaDoFuturo */ = {
			isa = PBXGroup;
			children = (
				AF32104D26A8C8310092F903 /* AppDelegate.swift */,
				AF32105126A8C8310092F903 /* Actions.sks */,
				AF3056FB26A9F19E00830EEB /* ThreeChoicesViewController.swift */,
				AFA0DD9A26AB460D00618724 /* TwoChoicesViewController.swift */,
				AF32105526A8C8310092F903 /* GameViewController.swift */,
				AF32105726A8C8310092F903 /* Main.storyboard */,
				AF32105A26A8C8320092F903 /* Assets.xcassets */,
				AF32105C26A8C8320092F903 /* Info.plist */,
				AF3056F926A9E90F00830EEB /* GameManager.swift */,
				AF3056FD26AA1D5D00830EEB /* Enums.swift */,
				AFA0DD9826AB2C6A00618724 /* Decision.swift */,
				AF9CD04E26ACD11000C3911F /* Extensions.swift */,
			);
			path = EscolhaDoFuturo;
			sourceTree = "<group>";
		};
/* End PBXGroup section */

/* Begin PBXNativeTarget section */
		AF32104926A8C8310092F903 /* EscolhaDoFuturo */ = {
			isa = PBXNativeTarget;
			buildConfigurationList = AF32105F26A8C8320092F903 /* Build configuration list for PBXNativeTarget "EscolhaDoFuturo" */;
			buildPhases = (
				AF32104626A8C8310092F903 /* Sources */,
				AF32104726A8C8310092F903 /* Frameworks */,
				AF32104826A8C8310092F903 /* Resources */,
			);
			buildRules = (
			);
			dependencies = (
			);
			name = EscolhaDoFuturo;
			productName = EscolhaDoFuturo;
			productReference = AF32104A26A8C8310092F903 /* EscolhaDoFuturo.app */;
			productType = "com.apple.product-type.application";
		};
/* End PBXNativeTarget section */

/* Begin PBXProject section */
		AF32104226A8C8310092F903 /* Project object */ = {
			isa = PBXProject;
			attributes = {
				LastSwiftUpdateCheck = 1250;
				LastUpgradeCheck = 1250;
				TargetAttributes = {
					AF32104926A8C8310092F903 = {
						CreatedOnToolsVersion = 12.5.1;
					};
				};
			};
			buildConfigurationList = AF32104526A8C8310092F903 /* Build configuration list for PBXProject "EscolhaDoFuturo" */;
			compatibilityVersion = "Xcode 9.3";
			developmentRegion = en;
			hasScannedForEncodings = 0;
			knownRegions = (
				en,
				Base,
			);
			mainGroup = AF32104126A8C8310092F903;
			productRefGroup = AF32104B26A8C8310092F903 /* Products */;
			projectDirPath = "";
			projectRoot = "";
			targets = (
				AF32104926A8C8310092F903 /* EscolhaDoFuturo */,
			);
		};
/* End PBXProject section */

/* Begin PBXResourcesBuildPhase section */
		AF32104826A8C8310092F903 /* Resources */ = {
			isa = PBXResourcesBuildPhase;
			buildActionMask = 2147483647;
			files = (
				AF32105926A8C8310092F903 /* Main.storyboard in Resources */,
				AF32105B26A8C8320092F903 /* Assets.xcassets in Resources */,
				AF32105226A8C8310092F903 /* Actions.sks in Resources */,
			);
			runOnlyForDeploymentPostprocessing = 0;
		};
/* End PBXResourcesBuildPhase section */

/* Begin PBXSourcesBuildPhase section */
		AF32104626A8C8310092F903 /* Sources */ = {
			isa = PBXSourcesBuildPhase;
			buildActionMask = 2147483647;
			files = (
				AF3056FC26A9F19E00830EEB /* ThreeChoicesViewController.swift in Sources */,
				AF32105626A8C8310092F903 /* GameViewController.swift in Sources */,
				AFA0DD9926AB2C6A00618724 /* Decision.swift in Sources */,
				AF9CD04F26ACD11000C3911F /* Extensions.swift in Sources */,
				AF3056FE26AA1D5D00830EEB /* Enums.swift in Sources */,
				AF3056FA26A9E90F00830EEB /* GameManager.swift in Sources */,
				AF32104E26A8C8310092F903 /* AppDelegate.swift in Sources */,
				AFA0DD9B26AB460D00618724 /* TwoChoicesViewController.swift in Sources */,
			);
			runOnlyForDeploymentPostprocessing = 0;
		};
/* End PBXSourcesBuildPhase section */

/* Begin PBXVariantGroup section */
		AF32105726A8C8310092F903 /* Main.storyboard */ = {
			isa = PBXVariantGroup;
			children = (
				AF32105826A8C8310092F903 /* Base */,
			);
			name = Main.storyboard;
			sourceTree = "<group>";
		};
/* End PBXVariantGroup section */

/* Begin XCBuildConfiguration section */
		AF32105D26A8C8320092F903 /* Debug */ = {
			isa = XCBuildConfiguration;
			buildSettings = {
				ALWAYS_SEARCH_USER_PATHS = NO;
				CLANG_ANALYZER_NONNULL = YES;
				CLANG_ANALYZER_NUMBER_OBJECT_CONVERSION = YES_AGGRESSIVE;
				CLANG_CXX_LANGUAGE_STANDARD = "gnu++14";
				CLANG_CXX_LIBRARY = "libc++";
				CLANG_ENABLE_MODULES = YES;
				CLANG_ENABLE_OBJC_ARC = YES;
				CLANG_ENABLE_OBJC_WEAK = YES;
				CLANG_WARN_BLOCK_CAPTURE_AUTORELEASING = YES;
				CLANG_WARN_BOOL_CONVERSION = YES;
				CLANG_WARN_COMMA = YES;
				CLANG_WARN_CONSTANT_CONVERSION = YES;
				CLANG_WARN_DEPRECATED_OBJC_IMPLEMENTATIONS = YES;
				CLANG_WARN_DIRECT_OBJC_ISA_USAGE = YES_ERROR;
				CLANG_WARN_DOCUMENTATION_COMMENTS = YES;
				CLANG_WARN_EMPTY_BODY = YES;
				CLANG_WARN_ENUM_CONVERSION = YES;
				CLANG_WARN_INFINITE_RECURSION = YES;
				CLANG_WARN_INT_CONVERSION = YES;
				CLANG_WARN_NON_LITERAL_NULL_CONVERSION = YES;
				CLANG_WARN_OBJC_IMPLICIT_RETAIN_SELF = YES;
				CLANG_WARN_OBJC_LITERAL_CONVERSION = YES;
				CLANG_WARN_OBJC_ROOT_CLASS = YES_ERROR;
				CLANG_WARN_QUOTED_INCLUDE_IN_FRAMEWORK_HEADER = YES;
				CLANG_WARN_RANGE_LOOP_ANALYSIS = YES;
				CLANG_WARN_STRICT_PROTOTYPES = YES;
				CLANG_WARN_SUSPICIOUS_MOVE = YES;
				CLANG_WARN_UNGUARDED_AVAILABILITY = YES_AGGRESSIVE;
				CLANG_WARN_UNREACHABLE_CODE = YES;
				CLANG_WARN__DUPLICATE_METHOD_MATCH = YES;
				COPY_PHASE_STRIP = NO;
				DEBUG_INFORMATION_FORMAT = dwarf;
				ENABLE_STRICT_OBJC_MSGSEND = YES;
				ENABLE_TESTABILITY = YES;
				GCC_C_LANGUAGE_STANDARD = gnu11;
				GCC_DYNAMIC_NO_PIC = NO;
				GCC_NO_COMMON_BLOCKS = YES;
				GCC_OPTIMIZATION_LEVEL = 0;
				GCC_PREPROCESSOR_DEFINITIONS = (
					"DEBUG=1",
					"$(inherited)",
				);
				GCC_WARN_64_TO_32_BIT_CONVERSION = YES;
				GCC_WARN_ABOUT_RETURN_TYPE = YES_ERROR;
				GCC_WARN_UNDECLARED_SELECTOR = YES;
				GCC_WARN_UNINITIALIZED_AUTOS = YES_AGGRESSIVE;
				GCC_WARN_UNUSED_FUNCTION = YES;
				GCC_WARN_UNUSED_VARIABLE = YES;
				IPHONEOS_DEPLOYMENT_TARGET = 14.5;
				MTL_ENABLE_DEBUG_INFO = INCLUDE_SOURCE;
				MTL_FAST_MATH = YES;
				ONLY_ACTIVE_ARCH = YES;
				SDKROOT = iphoneos;
				SWIFT_ACTIVE_COMPILATION_CONDITIONS = DEBUG;
				SWIFT_OPTIMIZATION_LEVEL = "-Onone";
			};
			name = Debug;
		};
		AF32105E26A8C8320092F903 /* Release */ = {
			isa = XCBuildConfiguration;
			buildSettings = {
				ALWAYS_SEARCH_USER_PATHS = NO;
				CLANG_ANALYZER_NONNULL = YES;
				CLANG_ANALYZER_NUMBER_OBJECT_CONVERSION = YES_AGGRESSIVE;
				CLANG_CXX_LANGUAGE_STANDARD = "gnu++14";
				CLANG_CXX_LIBRARY = "libc++";
				CLANG_ENABLE_MODULES = YES;
				CLANG_ENABLE_OBJC_ARC = YES;
				CLANG_ENABLE_OBJC_WEAK = YES;
				CLANG_WARN_BLOCK_CAPTURE_AUTORELEASING = YES;
				CLANG_WARN_BOOL_CONVERSION = YES;
				CLANG_WARN_COMMA = YES;
				CLANG_WARN_CONSTANT_CONVERSION = YES;
				CLANG_WARN_DEPRECATED_OBJC_IMPLEMENTATIONS = YES;
				CLANG_WARN_DIRECT_OBJC_ISA_USAGE = YES_ERROR;
				CLANG_WARN_DOCUMENTATION_COMMENTS = YES;
				CLANG_WARN_EMPTY_BODY = YES;
				CLANG_WARN_ENUM_CONVERSION = YES;
				CLANG_WARN_INFINITE_RECURSION = YES;
				CLANG_WARN_INT_CONVERSION = YES;
				CLANG_WARN_NON_LITERAL_NULL_CONVERSION = YES;
				CLANG_WARN_OBJC_IMPLICIT_RETAIN_SELF = YES;
				CLANG_WARN_OBJC_LITERAL_CONVERSION = YES;
				CLANG_WARN_OBJC_ROOT_CLASS = YES_ERROR;
				CLANG_WARN_QUOTED_INCLUDE_IN_FRAMEWORK_HEADER = YES;
				CLANG_WARN_RANGE_LOOP_ANALYSIS = YES;
				CLANG_WARN_STRICT_PROTOTYPES = YES;
				CLANG_WARN_SUSPICIOUS_MOVE = YES;
				CLANG_WARN_UNGUARDED_AVAILABILITY = YES_AGGRESSIVE;
				CLANG_WARN_UNREACHABLE_CODE = YES;
				CLANG_WARN__DUPLICATE_METHOD_MATCH = YES;
				COPY_PHASE_STRIP = NO;
				DEBUG_INFORMATION_FORMAT = "dwarf-with-dsym";
				ENABLE_NS_ASSERTIONS = NO;
				ENABLE_STRICT_OBJC_MSGSEND = YES;
				GCC_C_LANGUAGE_STANDARD = gnu11;
				GCC_NO_COMMON_BLOCKS = YES;
				GCC_WARN_64_TO_32_BIT_CONVERSION = YES;
				GCC_WARN_ABOUT_RETURN_TYPE = YES_ERROR;
				GCC_WARN_UNDECLARED_SELECTOR = YES;
				GCC_WARN_UNINITIALIZED_AUTOS = YES_AGGRESSIVE;
				GCC_WARN_UNUSED_FUNCTION = YES;
				GCC_WARN_UNUSED_VARIABLE = YES;
				IPHONEOS_DEPLOYMENT_TARGET = 14.5;
				MTL_ENABLE_DEBUG_INFO = NO;
				MTL_FAST_MATH = YES;
				SDKROOT = iphoneos;
				SWIFT_COMPILATION_MODE = wholemodule;
				SWIFT_OPTIMIZATION_LEVEL = "-O";
				VALIDATE_PRODUCT = YES;
			};
			name = Release;
		};
		AF32106026A8C8320092F903 /* Debug */ = {
			isa = XCBuildConfiguration;
			buildSettings = {
				ASSETCATALOG_COMPILER_APPICON_NAME = AppIcon;
				ASSETCATALOG_COMPILER_GLOBAL_ACCENT_COLOR_NAME = AccentColor;
				CODE_SIGN_STYLE = Automatic;
				DEVELOPMENT_TEAM = 38NCR48QFB;
				INFOPLIST_FILE = EscolhaDoFuturo/Info.plist;
				LD_RUNPATH_SEARCH_PATHS = (
					"$(inherited)",
					"@executable_path/Frameworks",
				);
				PRODUCT_BUNDLE_IDENTIFIER = lynakano.EscolhaDoFuturo;
				PRODUCT_NAME = "$(TARGET_NAME)";
				SWIFT_VERSION = 5.0;
				TARGETED_DEVICE_FAMILY = "1,2";
			};
			name = Debug;
		};
		AF32106126A8C8320092F903 /* Release */ = {
			isa = XCBuildConfiguration;
			buildSettings = {
				ASSETCATALOG_COMPILER_APPICON_NAME = AppIcon;
				ASSETCATALOG_COMPILER_GLOBAL_ACCENT_COLOR_NAME = AccentColor;
				CODE_SIGN_STYLE = Automatic;
				DEVELOPMENT_TEAM = 38NCR48QFB;
				INFOPLIST_FILE = EscolhaDoFuturo/Info.plist;
				LD_RUNPATH_SEARCH_PATHS = (
					"$(inherited)",
					"@executable_path/Frameworks",
				);
				PRODUCT_BUNDLE_IDENTIFIER = lynakano.EscolhaDoFuturo;
				PRODUCT_NAME = "$(TARGET_NAME)";
				SWIFT_VERSION = 5.0;
				TARGETED_DEVICE_FAMILY = "1,2";
			};
			name = Release;
		};
/* End XCBuildConfiguration section */

/* Begin XCConfigurationList section */
		AF32104526A8C8310092F903 /* Build configuration list for PBXProject "EscolhaDoFuturo" */ = {
			isa = XCConfigurationList;
			buildConfigurations = (
				AF32105D26A8C8320092F903 /* Debug */,
				AF32105E26A8C8320092F903 /* Release */,
			);
			defaultConfigurationIsVisible = 0;
			defaultConfigurationName = Release;
		};
		AF32105F26A8C8320092F903 /* Build configuration list for PBXNativeTarget "EscolhaDoFuturo" */ = {
			isa = XCConfigurationList;
			buildConfigurations = (
				AF32106026A8C8320092F903 /* Debug */,
				AF32106126A8C8320092F903 /* Release */,
			);
			defaultConfigurationIsVisible = 0;
			defaultConfigurationName = Release;
		};
/* End XCConfigurationList section */
	};
	rootObject = AF32104226A8C8310092F903 /* Project object */;
}
